
Microsoft Visual Studio Solution File, Format Version 12.00
# Visual Studio Version 16
VisualStudioVersion = 16.0.32002.261
MinimumVisualStudioVersion = 10.0.40219.1
Project("{FAE04EC0-301F-11D3-BF4B-00C04F79EFBC}") = "Resaverse", "Resaverse\Resaverse.csproj", "{E8ABE86B-E56C-4004-9244-792AF8E0D9D2}"
EndProject
Project("{FAE04EC0-301F-11D3-BF4B-00C04F79EFBC}") = "TestResaverse", "TestResaverse\TestResaverse.csproj", "{00E656E6-CD8D-433F-8DDA-56DCE1486F33}"
EndProject
Global
	GlobalSection(SolutionConfigurationPlatforms) = preSolution
		Debug|Any CPU = Debug|Any CPU
		Release|Any CPU = Release|Any CPU
	EndGlobalSection
	GlobalSection(ProjectConfigurationPlatforms) = postSolution
		{E8ABE86B-E56C-4004-9244-792AF8E0D9D2}.Debug|Any CPU.ActiveCfg = Debug|Any CPU
		{E8ABE86B-E56C-4004-9244-792AF8E0D9D2}.Debug|Any CPU.Build.0 = Debug|Any CPU
		{E8ABE86B-E56C-4004-9244-792AF8E0D9D2}.Release|Any CPU.ActiveCfg = Release|Any CPU
		{E8ABE86B-E56C-4004-9244-792AF8E0D9D2}.Release|Any CPU.Build.0 = Release|Any CPU
		{00E656E6-CD8D-433F-8DDA-56DCE1486F33}.Debug|Any CPU.ActiveCfg = Debug|Any CPU
		{00E656E6-CD8D-433F-8DDA-56DCE1486F33}.Debug|Any CPU.Build.0 = Debug|Any CPU
		{00E656E6-CD8D-433F-8DDA-56DCE1486F33}.Release|Any CPU.ActiveCfg = Release|Any CPU
		{00E656E6-CD8D-433F-8DDA-56DCE1486F33}.Release|Any CPU.Build.0 = Release|Any CPU
	EndGlobalSection
	GlobalSection(SolutionProperties) = preSolution
		HideSolutionNode = FALSE
	EndGlobalSection
	GlobalSection(ExtensibilityGlobals) = postSolution
		SolutionGuid = {F167C280-5280-4A2F-A955-107C15B0187E}
	EndGlobalSection
EndGlobal
