
Microsoft Visual Studio Solution File, Format Version 12.00
# Visual Studio Version 16
VisualStudioVersion = 16.0.32002.261
MinimumVisualStudioVersion = 10.0.40219.1
Project("{FAE04EC0-301F-11D3-BF4B-00C04F79EFBC}") = "CoreModels", "CoreModels\CoreModels.csproj", "{1D9D887E-6F20-49ED-9681-2C6101A7C59B}"
EndProject
Global
	GlobalSection(SolutionConfigurationPlatforms) = preSolution
		Debug|Any CPU = Debug|Any CPU
		Release|Any CPU = Release|Any CPU
	EndGlobalSection
	GlobalSection(ProjectConfigurationPlatforms) = postSolution
		{1D9D887E-6F20-49ED-9681-2C6101A7C59B}.Debug|Any CPU.ActiveCfg = Debug|Any CPU
		{1D9D887E-6F20-49ED-9681-2C6101A7C59B}.Debug|Any CPU.Build.0 = Debug|Any CPU
		{1D9D887E-6F20-49ED-9681-2C6101A7C59B}.Release|Any CPU.ActiveCfg = Release|Any CPU
		{1D9D887E-6F20-49ED-9681-2C6101A7C59B}.Release|Any CPU.Build.0 = Release|Any CPU
	EndGlobalSection
	GlobalSection(SolutionProperties) = preSolution
		HideSolutionNode = FALSE
	EndGlobalSection
	GlobalSection(ExtensibilityGlobals) = postSolution
		SolutionGuid = {F167C280-5280-4A2F-A955-107C15B0187E}
	EndGlobalSection
EndGlobal
